{
  "name": "ulw-cli",
  "version": "0.5.2",
  "lockfileVersion": 3,
  "requires": true,
  "packages": {
    "": {
      "name": "ulw-cli",
      "version": "0.5.2",
      "license": "MIT",
      "bin": {
        "ulw": "cli/bin/ulw.mjs",
        "ulw-hermes-approval-gate": "cli/bin/ulw-hermes-approval-gate.mjs"
      },
      "engines": {
        "node": ">=20"
      }
    }
  }
}
